
Microsoft Visual Studio Solution File, Format Version 12.00
# Visual Studio 15
VisualStudioVersion = 15.0.26430.12
MinimumVisualStudioVersion = 10.0.40219.1
Project("{FAE04EC0-301F-11D3-BF4B-00C04F79EFBC}") = "JMWebApplication", "JMWebApplication\JMWebApplication.csproj", "{992A123B-653A-4EC8-8890-F0CC21969311}"
EndProject
Project("{FAE04EC0-301F-11D3-BF4B-00C04F79EFBC}") = "JMAdoDataAccess", "JMAdoDataAccess\JMAdoDataAccess.csproj", "{C6B74A23-61F4-41D7-9996-83300F74BC92}"
EndProject
Project("{FAE04EC0-301F-11D3-BF4B-00C04F79EFBC}") = "JMApplicationService", "JMApplicationService\JMApplicationService.csproj", "{9F64466A-F245-4011-9E73-BE80DCA4B234}"
EndProject
Project("{FAE04EC0-301F-11D3-BF4B-00C04F79EFBC}") = "JMDataServiceInterface", "JMDataServiceInterface\JMDataServiceInterface.csproj", "{8FAF1B34-AE68-41E0-957F-510EE50CA9E7}"
EndProject
Project("{FAE04EC0-301F-11D3-BF4B-00C04F79EFBC}") = "JMEFDataAccess", "JMEFDataAccess\JMEFDataAccess.csproj", "{DE26EA8E-D8F5-4008-A9D9-25190470DA3F}"
EndProject
Project("{FAE04EC0-301F-11D3-BF4B-00C04F79EFBC}") = "JMMockedDataAccess", "JMMockedDataAccess\JMMockedDataAccess.csproj", "{F91CE17B-5AEA-42AE-AAC1-FE6B556FF830}"
EndProject
Project("{FAE04EC0-301F-11D3-BF4B-00C04F79EFBC}") = "JMModels", "JMModels\JMModels.csproj", "{E392BB42-69F3-48F8-9440-B34BFC0BADB0}"
EndProject
Project("{FAE04EC0-301F-11D3-BF4B-00C04F79EFBC}") = "JMSeedData", "JMSeedData\JMSeedData.csproj", "{BE2CE19B-CEE9-4C75-8308-9FDEDB07F756}"
EndProject
Project("{FAE04EC0-301F-11D3-BF4B-00C04F79EFBC}") = "JMUnitTesting", "JMUnitTesting\JMUnitTesting.csproj", "{15C4628B-DA08-472B-8766-3F319DF6D84F}"
EndProject
Project("{FAE04EC0-301F-11D3-BF4B-00C04F79EFBC}") = "JMCommon", "JMCommon\JMCommon.csproj", "{511D805C-05A6-45A9-B28F-3003978069CC}"
EndProject
Project("{FAE04EC0-301F-11D3-BF4B-00C04F79EFBC}") = "JMCore", "JMCore\JMCore.csproj", "{1527CFD7-5D85-4EF7-B173-178C6FB0C0F8}"
EndProject
Global
	GlobalSection(SolutionConfigurationPlatforms) = preSolution
		Debug|Any CPU = Debug|Any CPU
		Debug|ARM = Debug|ARM
		Debug|x64 = Debug|x64
		Debug|x86 = Debug|x86
		Release|Any CPU = Release|Any CPU
		Release|ARM = Release|ARM
		Release|x64 = Release|x64
		Release|x86 = Release|x86
	EndGlobalSection
	GlobalSection(ProjectConfigurationPlatforms) = postSolution
		{992A123B-653A-4EC8-8890-F0CC21969311}.Debug|Any CPU.ActiveCfg = Debug|Any CPU
		{992A123B-653A-4EC8-8890-F0CC21969311}.Debug|Any CPU.Build.0 = Debug|Any CPU
		{992A123B-653A-4EC8-8890-F0CC21969311}.Debug|ARM.ActiveCfg = Debug|Any CPU
		{992A123B-653A-4EC8-8890-F0CC21969311}.Debug|ARM.Build.0 = Debug|Any CPU
		{992A123B-653A-4EC8-8890-F0CC21969311}.Debug|x64.ActiveCfg = Debug|Any CPU
		{992A123B-653A-4EC8-8890-F0CC21969311}.Debug|x64.Build.0 = Debug|Any CPU
		{992A123B-653A-4EC8-8890-F0CC21969311}.Debug|x86.ActiveCfg = Debug|Any CPU
		{992A123B-653A-4EC8-8890-F0CC21969311}.Debug|x86.Build.0 = Debug|Any CPU
		{992A123B-653A-4EC8-8890-F0CC21969311}.Release|Any CPU.ActiveCfg = Release|Any CPU
		{992A123B-653A-4EC8-8890-F0CC21969311}.Release|Any CPU.Build.0 = Release|Any CPU
		{992A123B-653A-4EC8-8890-F0CC21969311}.Release|ARM.ActiveCfg = Release|Any CPU
		{992A123B-653A-4EC8-8890-F0CC21969311}.Release|ARM.Build.0 = Release|Any CPU
		{992A123B-653A-4EC8-8890-F0CC21969311}.Release|x64.ActiveCfg = Release|Any CPU
		{992A123B-653A-4EC8-8890-F0CC21969311}.Release|x64.Build.0 = Release|Any CPU
		{992A123B-653A-4EC8-8890-F0CC21969311}.Release|x86.ActiveCfg = Release|Any CPU
		{992A123B-653A-4EC8-8890-F0CC21969311}.Release|x86.Build.0 = Release|Any CPU
		{C6B74A23-61F4-41D7-9996-83300F74BC92}.Debug|Any CPU.ActiveCfg = Debug|Any CPU
		{C6B74A23-61F4-41D7-9996-83300F74BC92}.Debug|Any CPU.Build.0 = Debug|Any CPU
		{C6B74A23-61F4-41D7-9996-83300F74BC92}.Debug|ARM.ActiveCfg = Debug|Any CPU
		{C6B74A23-61F4-41D7-9996-83300F74BC92}.Debug|ARM.Build.0 = Debug|Any CPU
		{C6B74A23-61F4-41D7-9996-83300F74BC92}.Debug|x64.ActiveCfg = Debug|Any CPU
		{C6B74A23-61F4-41D7-9996-83300F74BC92}.Debug|x64.Build.0 = Debug|Any CPU
		{C6B74A23-61F4-41D7-9996-83300F74BC92}.Debug|x86.ActiveCfg = Debug|Any CPU
		{C6B74A23-61F4-41D7-9996-83300F74BC92}.Debug|x86.Build.0 = Debug|Any CPU
		{C6B74A23-61F4-41D7-9996-83300F74BC92}.Release|Any CPU.ActiveCfg = Release|Any CPU
		{C6B74A23-61F4-41D7-9996-83300F74BC92}.Release|Any CPU.Build.0 = Release|Any CPU
		{C6B74A23-61F4-41D7-9996-83300F74BC92}.Release|ARM.ActiveCfg = Release|Any CPU
		{C6B74A23-61F4-41D7-9996-83300F74BC92}.Release|ARM.Build.0 = Release|Any CPU
		{C6B74A23-61F4-41D7-9996-83300F74BC92}.Release|x64.ActiveCfg = Release|Any CPU
		{C6B74A23-61F4-41D7-9996-83300F74BC92}.Release|x64.Build.0 = Release|Any CPU
		{C6B74A23-61F4-41D7-9996-83300F74BC92}.Release|x86.ActiveCfg = Release|Any CPU
		{C6B74A23-61F4-41D7-9996-83300F74BC92}.Release|x86.Build.0 = Release|Any CPU
		{9F64466A-F245-4011-9E73-BE80DCA4B234}.Debug|Any CPU.ActiveCfg = Debug|Any CPU
		{9F64466A-F245-4011-9E73-BE80DCA4B234}.Debug|Any CPU.Build.0 = Debug|Any CPU
		{9F64466A-F245-4011-9E73-BE80DCA4B234}.Debug|ARM.ActiveCfg = Debug|Any CPU
		{9F64466A-F245-4011-9E73-BE80DCA4B234}.Debug|ARM.Build.0 = Debug|Any CPU
		{9F64466A-F245-4011-9E73-BE80DCA4B234}.Debug|x64.ActiveCfg = Debug|Any CPU
		{9F64466A-F245-4011-9E73-BE80DCA4B234}.Debug|x64.Build.0 = Debug|Any CPU
		{9F64466A-F245-4011-9E73-BE80DCA4B234}.Debug|x86.ActiveCfg = Debug|Any CPU
		{9F64466A-F245-4011-9E73-BE80DCA4B234}.Debug|x86.Build.0 = Debug|Any CPU
		{9F64466A-F245-4011-9E73-BE80DCA4B234}.Release|Any CPU.ActiveCfg = Release|Any CPU
		{9F64466A-F245-4011-9E73-BE80DCA4B234}.Release|Any CPU.Build.0 = Release|Any CPU
		{9F64466A-F245-4011-9E73-BE80DCA4B234}.Release|ARM.ActiveCfg = Release|Any CPU
		{9F64466A-F245-4011-9E73-BE80DCA4B234}.Release|ARM.Build.0 = Release|Any CPU
		{9F64466A-F245-4011-9E73-BE80DCA4B234}.Release|x64.ActiveCfg = Release|Any CPU
		{9F64466A-F245-4011-9E73-BE80DCA4B234}.Release|x64.Build.0 = Release|Any CPU
		{9F64466A-F245-4011-9E73-BE80DCA4B234}.Release|x86.ActiveCfg = Release|Any CPU
		{9F64466A-F245-4011-9E73-BE80DCA4B234}.Release|x86.Build.0 = Release|Any CPU
		{8FAF1B34-AE68-41E0-957F-510EE50CA9E7}.Debug|Any CPU.ActiveCfg = Debug|Any CPU
		{8FAF1B34-AE68-41E0-957F-510EE50CA9E7}.Debug|Any CPU.Build.0 = Debug|Any CPU
		{8FAF1B34-AE68-41E0-957F-510EE50CA9E7}.Debug|ARM.ActiveCfg = Debug|Any CPU
		{8FAF1B34-AE68-41E0-957F-510EE50CA9E7}.Debug|ARM.Build.0 = Debug|Any CPU
		{8FAF1B34-AE68-41E0-957F-510EE50CA9E7}.Debug|x64.ActiveCfg = Debug|Any CPU
		{8FAF1B34-AE68-41E0-957F-510EE50CA9E7}.Debug|x64.Build.0 = Debug|Any CPU
		{8FAF1B34-AE68-41E0-957F-510EE50CA9E7}.Debug|x86.ActiveCfg = Debug|Any CPU
		{8FAF1B34-AE68-41E0-957F-510EE50CA9E7}.Debug|x86.Build.0 = Debug|Any CPU
		{8FAF1B34-AE68-41E0-957F-510EE50CA9E7}.Release|Any CPU.ActiveCfg = Release|Any CPU
		{8FAF1B34-AE68-41E0-957F-510EE50CA9E7}.Release|Any CPU.Build.0 = Release|Any CPU
		{8FAF1B34-AE68-41E0-957F-510EE50CA9E7}.Release|ARM.ActiveCfg = Release|Any CPU
		{8FAF1B34-AE68-41E0-957F-510EE50CA9E7}.Release|ARM.Build.0 = Release|Any CPU
		{8FAF1B34-AE68-41E0-957F-510EE50CA9E7}.Release|x64.ActiveCfg = Release|Any CPU
		{8FAF1B34-AE68-41E0-957F-510EE50CA9E7}.Release|x64.Build.0 = Release|Any CPU
		{8FAF1B34-AE68-41E0-957F-510EE50CA9E7}.Release|x86.ActiveCfg = Release|Any CPU
		{8FAF1B34-AE68-41E0-957F-510EE50CA9E7}.Release|x86.Build.0 = Release|Any CPU
		{DE26EA8E-D8F5-4008-A9D9-25190470DA3F}.Debug|Any CPU.ActiveCfg = Debug|Any CPU
		{DE26EA8E-D8F5-4008-A9D9-25190470DA3F}.Debug|Any CPU.Build.0 = Debug|Any CPU
		{DE26EA8E-D8F5-4008-A9D9-25190470DA3F}.Debug|ARM.ActiveCfg = Debug|Any CPU
		{DE26EA8E-D8F5-4008-A9D9-25190470DA3F}.Debug|ARM.Build.0 = Debug|Any CPU
		{DE26EA8E-D8F5-4008-A9D9-25190470DA3F}.Debug|x64.ActiveCfg = Debug|Any CPU
		{DE26EA8E-D8F5-4008-A9D9-25190470DA3F}.Debug|x64.Build.0 = Debug|Any CPU
		{DE26EA8E-D8F5-4008-A9D9-25190470DA3F}.Debug|x86.ActiveCfg = Debug|Any CPU
		{DE26EA8E-D8F5-4008-A9D9-25190470DA3F}.Debug|x86.Build.0 = Debug|Any CPU
		{DE26EA8E-D8F5-4008-A9D9-25190470DA3F}.Release|Any CPU.ActiveCfg = Release|Any CPU
		{DE26EA8E-D8F5-4008-A9D9-25190470DA3F}.Release|Any CPU.Build.0 = Release|Any CPU
		{DE26EA8E-D8F5-4008-A9D9-25190470DA3F}.Release|ARM.ActiveCfg = Release|Any CPU
		{DE26EA8E-D8F5-4008-A9D9-25190470DA3F}.Release|ARM.Build.0 = Release|Any CPU
		{DE26EA8E-D8F5-4008-A9D9-25190470DA3F}.Release|x64.ActiveCfg = Release|Any CPU
		{DE26EA8E-D8F5-4008-A9D9-25190470DA3F}.Release|x64.Build.0 = Release|Any CPU
		{DE26EA8E-D8F5-4008-A9D9-25190470DA3F}.Release|x86.ActiveCfg = Release|Any CPU
		{DE26EA8E-D8F5-4008-A9D9-25190470DA3F}.Release|x86.Build.0 = Release|Any CPU
		{F91CE17B-5AEA-42AE-AAC1-FE6B556FF830}.Debug|Any CPU.ActiveCfg = Debug|Any CPU
		{F91CE17B-5AEA-42AE-AAC1-FE6B556FF830}.Debug|Any CPU.Build.0 = Debug|Any CPU
		{F91CE17B-5AEA-42AE-AAC1-FE6B556FF830}.Debug|ARM.ActiveCfg = Debug|Any CPU
		{F91CE17B-5AEA-42AE-AAC1-FE6B556FF830}.Debug|ARM.Build.0 = Debug|Any CPU
		{F91CE17B-5AEA-42AE-AAC1-FE6B556FF830}.Debug|x64.ActiveCfg = Debug|Any CPU
		{F91CE17B-5AEA-42AE-AAC1-FE6B556FF830}.Debug|x64.Build.0 = Debug|Any CPU
		{F91CE17B-5AEA-42AE-AAC1-FE6B556FF830}.Debug|x86.ActiveCfg = Debug|Any CPU
		{F91CE17B-5AEA-42AE-AAC1-FE6B556FF830}.Debug|x86.Build.0 = Debug|Any CPU
		{F91CE17B-5AEA-42AE-AAC1-FE6B556FF830}.Release|Any CPU.ActiveCfg = Release|Any CPU
		{F91CE17B-5AEA-42AE-AAC1-FE6B556FF830}.Release|Any CPU.Build.0 = Release|Any CPU
		{F91CE17B-5AEA-42AE-AAC1-FE6B556FF830}.Release|ARM.ActiveCfg = Release|Any CPU
		{F91CE17B-5AEA-42AE-AAC1-FE6B556FF830}.Release|ARM.Build.0 = Release|Any CPU
		{F91CE17B-5AEA-42AE-AAC1-FE6B556FF830}.Release|x64.ActiveCfg = Release|Any CPU
		{F91CE17B-5AEA-42AE-AAC1-FE6B556FF830}.Release|x64.Build.0 = Release|Any CPU
		{F91CE17B-5AEA-42AE-AAC1-FE6B556FF830}.Release|x86.ActiveCfg = Release|Any CPU
		{F91CE17B-5AEA-42AE-AAC1-FE6B556FF830}.Release|x86.Build.0 = Release|Any CPU
		{E392BB42-69F3-48F8-9440-B34BFC0BADB0}.Debug|Any CPU.ActiveCfg = Debug|Any CPU
		{E392BB42-69F3-48F8-9440-B34BFC0BADB0}.Debug|Any CPU.Build.0 = Debug|Any CPU
		{E392BB42-69F3-48F8-9440-B34BFC0BADB0}.Debug|ARM.ActiveCfg = Debug|Any CPU
		{E392BB42-69F3-48F8-9440-B34BFC0BADB0}.Debug|ARM.Build.0 = Debug|Any CPU
		{E392BB42-69F3-48F8-9440-B34BFC0BADB0}.Debug|x64.ActiveCfg = Debug|Any CPU
		{E392BB42-69F3-48F8-9440-B34BFC0BADB0}.Debug|x64.Build.0 = Debug|Any CPU
		{E392BB42-69F3-48F8-9440-B34BFC0BADB0}.Debug|x86.ActiveCfg = Debug|Any CPU
		{E392BB42-69F3-48F8-9440-B34BFC0BADB0}.Debug|x86.Build.0 = Debug|Any CPU
		{E392BB42-69F3-48F8-9440-B34BFC0BADB0}.Release|Any CPU.ActiveCfg = Release|Any CPU
		{E392BB42-69F3-48F8-9440-B34BFC0BADB0}.Release|Any CPU.Build.0 = Release|Any CPU
		{E392BB42-69F3-48F8-9440-B34BFC0BADB0}.Release|ARM.ActiveCfg = Release|Any CPU
		{E392BB42-69F3-48F8-9440-B34BFC0BADB0}.Release|ARM.Build.0 = Release|Any CPU
		{E392BB42-69F3-48F8-9440-B34BFC0BADB0}.Release|x64.ActiveCfg = Release|Any CPU
		{E392BB42-69F3-48F8-9440-B34BFC0BADB0}.Release|x64.Build.0 = Release|Any CPU
		{E392BB42-69F3-48F8-9440-B34BFC0BADB0}.Release|x86.ActiveCfg = Release|Any CPU
		{E392BB42-69F3-48F8-9440-B34BFC0BADB0}.Release|x86.Build.0 = Release|Any CPU
		{BE2CE19B-CEE9-4C75-8308-9FDEDB07F756}.Debug|Any CPU.ActiveCfg = Debug|Any CPU
		{BE2CE19B-CEE9-4C75-8308-9FDEDB07F756}.Debug|Any CPU.Build.0 = Debug|Any CPU
		{BE2CE19B-CEE9-4C75-8308-9FDEDB07F756}.Debug|ARM.ActiveCfg = Debug|Any CPU
		{BE2CE19B-CEE9-4C75-8308-9FDEDB07F756}.Debug|ARM.Build.0 = Debug|Any CPU
		{BE2CE19B-CEE9-4C75-8308-9FDEDB07F756}.Debug|x64.ActiveCfg = Debug|Any CPU
		{BE2CE19B-CEE9-4C75-8308-9FDEDB07F756}.Debug|x64.Build.0 = Debug|Any CPU
		{BE2CE19B-CEE9-4C75-8308-9FDEDB07F756}.Debug|x86.ActiveCfg = Debug|Any CPU
		{BE2CE19B-CEE9-4C75-8308-9FDEDB07F756}.Debug|x86.Build.0 = Debug|Any CPU
		{BE2CE19B-CEE9-4C75-8308-9FDEDB07F756}.Release|Any CPU.ActiveCfg = Release|Any CPU
		{BE2CE19B-CEE9-4C75-8308-9FDEDB07F756}.Release|Any CPU.Build.0 = Release|Any CPU
		{BE2CE19B-CEE9-4C75-8308-9FDEDB07F756}.Release|ARM.ActiveCfg = Release|Any CPU
		{BE2CE19B-CEE9-4C75-8308-9FDEDB07F756}.Release|ARM.Build.0 = Release|Any CPU
		{BE2CE19B-CEE9-4C75-8308-9FDEDB07F756}.Release|x64.ActiveCfg = Release|Any CPU
		{BE2CE19B-CEE9-4C75-8308-9FDEDB07F756}.Release|x64.Build.0 = Release|Any CPU
		{BE2CE19B-CEE9-4C75-8308-9FDEDB07F756}.Release|x86.ActiveCfg = Release|Any CPU
		{BE2CE19B-CEE9-4C75-8308-9FDEDB07F756}.Release|x86.Build.0 = Release|Any CPU
		{15C4628B-DA08-472B-8766-3F319DF6D84F}.Debug|Any CPU.ActiveCfg = Debug|Any CPU
		{15C4628B-DA08-472B-8766-3F319DF6D84F}.Debug|Any CPU.Build.0 = Debug|Any CPU
		{15C4628B-DA08-472B-8766-3F319DF6D84F}.Debug|ARM.ActiveCfg = Debug|Any CPU
		{15C4628B-DA08-472B-8766-3F319DF6D84F}.Debug|ARM.Build.0 = Debug|Any CPU
		{15C4628B-DA08-472B-8766-3F319DF6D84F}.Debug|x64.ActiveCfg = Debug|Any CPU
		{15C4628B-DA08-472B-8766-3F319DF6D84F}.Debug|x64.Build.0 = Debug|Any CPU
		{15C4628B-DA08-472B-8766-3F319DF6D84F}.Debug|x86.ActiveCfg = Debug|Any CPU
		{15C4628B-DA08-472B-8766-3F319DF6D84F}.Debug|x86.Build.0 = Debug|Any CPU
		{15C4628B-DA08-472B-8766-3F319DF6D84F}.Release|Any CPU.ActiveCfg = Release|Any CPU
		{15C4628B-DA08-472B-8766-3F319DF6D84F}.Release|Any CPU.Build.0 = Release|Any CPU
		{15C4628B-DA08-472B-8766-3F319DF6D84F}.Release|ARM.ActiveCfg = Release|Any CPU
		{15C4628B-DA08-472B-8766-3F319DF6D84F}.Release|ARM.Build.0 = Release|Any CPU
		{15C4628B-DA08-472B-8766-3F319DF6D84F}.Release|x64.ActiveCfg = Release|Any CPU
		{15C4628B-DA08-472B-8766-3F319DF6D84F}.Release|x64.Build.0 = Release|Any CPU
		{15C4628B-DA08-472B-8766-3F319DF6D84F}.Release|x86.ActiveCfg = Release|Any CPU
		{15C4628B-DA08-472B-8766-3F319DF6D84F}.Release|x86.Build.0 = Release|Any CPU
		{511D805C-05A6-45A9-B28F-3003978069CC}.Debug|Any CPU.ActiveCfg = Debug|Any CPU
		{511D805C-05A6-45A9-B28F-3003978069CC}.Debug|Any CPU.Build.0 = Debug|Any CPU
		{511D805C-05A6-45A9-B28F-3003978069CC}.Debug|ARM.ActiveCfg = Debug|Any CPU
		{511D805C-05A6-45A9-B28F-3003978069CC}.Debug|ARM.Build.0 = Debug|Any CPU
		{511D805C-05A6-45A9-B28F-3003978069CC}.Debug|x64.ActiveCfg = Debug|Any CPU
		{511D805C-05A6-45A9-B28F-3003978069CC}.Debug|x64.Build.0 = Debug|Any CPU
		{511D805C-05A6-45A9-B28F-3003978069CC}.Debug|x86.ActiveCfg = Debug|Any CPU
		{511D805C-05A6-45A9-B28F-3003978069CC}.Debug|x86.Build.0 = Debug|Any CPU
		{511D805C-05A6-45A9-B28F-3003978069CC}.Release|Any CPU.ActiveCfg = Release|Any CPU
		{511D805C-05A6-45A9-B28F-3003978069CC}.Release|Any CPU.Build.0 = Release|Any CPU
		{511D805C-05A6-45A9-B28F-3003978069CC}.Release|ARM.ActiveCfg = Release|Any CPU
		{511D805C-05A6-45A9-B28F-3003978069CC}.Release|ARM.Build.0 = Release|Any CPU
		{511D805C-05A6-45A9-B28F-3003978069CC}.Release|x64.ActiveCfg = Release|Any CPU
		{511D805C-05A6-45A9-B28F-3003978069CC}.Release|x64.Build.0 = Release|Any CPU
		{511D805C-05A6-45A9-B28F-3003978069CC}.Release|x86.ActiveCfg = Release|Any CPU
		{511D805C-05A6-45A9-B28F-3003978069CC}.Release|x86.Build.0 = Release|Any CPU
		{1527CFD7-5D85-4EF7-B173-178C6FB0C0F8}.Debug|Any CPU.ActiveCfg = Debug|Any CPU
		{1527CFD7-5D85-4EF7-B173-178C6FB0C0F8}.Debug|Any CPU.Build.0 = Debug|Any CPU
		{1527CFD7-5D85-4EF7-B173-178C6FB0C0F8}.Debug|ARM.ActiveCfg = Debug|Any CPU
		{1527CFD7-5D85-4EF7-B173-178C6FB0C0F8}.Debug|ARM.Build.0 = Debug|Any CPU
		{1527CFD7-5D85-4EF7-B173-178C6FB0C0F8}.Debug|x64.ActiveCfg = Debug|Any CPU
		{1527CFD7-5D85-4EF7-B173-178C6FB0C0F8}.Debug|x64.Build.0 = Debug|Any CPU
		{1527CFD7-5D85-4EF7-B173-178C6FB0C0F8}.Debug|x86.ActiveCfg = Debug|Any CPU
		{1527CFD7-5D85-4EF7-B173-178C6FB0C0F8}.Debug|x86.Build.0 = Debug|Any CPU
		{1527CFD7-5D85-4EF7-B173-178C6FB0C0F8}.Release|Any CPU.ActiveCfg = Release|Any CPU
		{1527CFD7-5D85-4EF7-B173-178C6FB0C0F8}.Release|Any CPU.Build.0 = Release|Any CPU
		{1527CFD7-5D85-4EF7-B173-178C6FB0C0F8}.Release|ARM.ActiveCfg = Release|Any CPU
		{1527CFD7-5D85-4EF7-B173-178C6FB0C0F8}.Release|ARM.Build.0 = Release|Any CPU
		{1527CFD7-5D85-4EF7-B173-178C6FB0C0F8}.Release|x64.ActiveCfg = Release|Any CPU
		{1527CFD7-5D85-4EF7-B173-178C6FB0C0F8}.Release|x64.Build.0 = Release|Any CPU
		{1527CFD7-5D85-4EF7-B173-178C6FB0C0F8}.Release|x86.ActiveCfg = Release|Any CPU
		{1527CFD7-5D85-4EF7-B173-178C6FB0C0F8}.Release|x86.Build.0 = Release|Any CPU
	EndGlobalSection
	GlobalSection(SolutionProperties) = preSolution
		HideSolutionNode = FALSE
	EndGlobalSection
EndGlobal
